PODS:
  - ESTabBarController-swift (2.6.2)
  - pop (1.0.10)
  - Segmentio (3.0)

DEPENDENCIES:
  - ESTabBarController-swift
  - pop (~> 1.0)
  - Segmentio

SPEC REPOS:
  https://github.com/cocoapods/specs.git:
    - ESTabBarController-swift
    - pop
    - Segmentio

SPEC CHECKSUMS:
  ESTabBarController-swift: f0a8679e43df1e60b7b36bbcaf1dc98ba6273c7d
  pop: 82ca6b068ce9278fd350fd9dd09482a0ce9492e6
  Segmentio: 1607fba3b42230f5f91e997d1a3f337f1176674c

PODFILE CHECKSUM: 9df2cc2e911594171273cf733f48f9fc5a593cf2

COCOAPODS: 1.5.3
